PODS:
  - Alamofire (5.6.1)
  - lottie-ios (3.2.3)
  - ReachabilitySwift (5.0.0)
  - SDWebImage (5.12.5):
    - SDWebImage/Core (= 5.12.5)
  - SDWebImage/Core (5.12.5)
  - SwiftMessages (9.0.6):
    - SwiftMessages/App (= 9.0.6)
  - SwiftMessages/App (9.0.6)

DEPENDENCIES:
  - Alamofire (~> 5.2)
  - lottie-ios
  - ReachabilitySwift
  - SDWebImage (~> 5.0)
  - SwiftMessages

SPEC REPOS:
  trunk:
    - Alamofire
    - lottie-ios
    - ReachabilitySwift
    - SDWebImage
    - SwiftMessages

SPEC CHECKSUMS:
  Alamofire: 87bd8c952f9a4454320fce00d9cc3de57bcadaf5
  lottie-ios: c058aeafa76daa4cf64d773554bccc8385d0150e
  ReachabilitySwift: 985039c6f7b23a1da463388634119492ff86c825
  SDWebImage: 0905f1b7760fc8ac4198cae0036600d67478751e
  SwiftMessages: f0c7ef4705a570ad6c5e208b611f4333e660ed92

PODFILE CHECKSUM: 9bfac20f7c4a9233bd25d273f8fd7c2fa0f24adc

COCOAPODS: 1.8.4
